// !$*UTF8*$!
{
	archiveVersion = 1;
	classes = {
	};
	objectVersion = 50;
	objects = {

/* Begin PBXBuildFile section */
		2F9E385A21FE6AF400906432 /* AppDelegate.swift in Sources */ = {isa = PBXBuildFile; fileRef = 2F9E385921FE6AF400906432 /* AppDelegate.swift */; };
		2F9E385F21FE6AF400906432 /* BoggleTV.xcdatamodeld in Sources */ = {isa = PBXBuildFile; fileRef = 2F9E385D21FE6AF400906432 /* BoggleTV.xcdatamodeld */; };
		2F9E386221FE6AF400906432 /* Main.storyboard in Resources */ = {isa = PBXBuildFile; fileRef = 2F9E386021FE6AF400906432 /* Main.storyboard */; };
		2F9E386421FE6AFB00906432 /* Assets.xcassets in Resources */ = {isa = PBXBuildFile; fileRef = 2F9E386321FE6AFB00906432 /* Assets.xcassets */; };
		2F9E386F21FE6AFB00906432 /* BoggleTVTests.swift in Sources */ = {isa = PBXBuildFile; fileRef = 2F9E386E21FE6AFB00906432 /* BoggleTVTests.swift */; };
		2F9E387721FE6F1700906432 /* ViewController.swift in Sources */ = {isa = PBXBuildFile; fileRef = 2FA8597C21F4B6C500BBB3E1 /* ViewController.swift */; };
		2F9E387921FE6F7C00906432 /* Constants.swift in Sources */ = {isa = PBXBuildFile; fileRef = 2FA8599D21F4BCC800BBB3E1 /* Constants.swift */; };
		2F9E387A21FE6F8000906432 /* ColumnFlowLayout.swift in Sources */ = {isa = PBXBuildFile; fileRef = 2FA8599F21F4FBA300BBB3E1 /* ColumnFlowLayout.swift */; };
		2F9E387B21FE6F8300906432 /* LetterTileViewCell.swift in Sources */ = {isa = PBXBuildFile; fileRef = 2FA859A121F4FE6900BBB3E1 /* LetterTileViewCell.swift */; };
		2F9E387C21FE6F8600906432 /* Tile.swift in Sources */ = {isa = PBXBuildFile; fileRef = 2FA859A321F50B7000BBB3E1 /* Tile.swift */; };
		2F9E387D21FE6F8800906432 /* Board.swift in Sources */ = {isa = PBXBuildFile; fileRef = 2FA859A521F50C2300BBB3E1 /* Board.swift */; };
		2FA8597B21F4B6C500BBB3E1 /* AppDelegate.swift in Sources */ = {isa = PBXBuildFile; fileRef = 2FA8597A21F4B6C500BBB3E1 /* AppDelegate.swift */; };
		2FA8597D21F4B6C500BBB3E1 /* ViewController.swift in Sources */ = {isa = PBXBuildFile; fileRef = 2FA8597C21F4B6C500BBB3E1 /* ViewController.swift */; };
		2FA8598021F4B6C500BBB3E1 /* Main.storyboard in Resources */ = {isa = PBXBuildFile; fileRef = 2FA8597E21F4B6C500BBB3E1 /* Main.storyboard */; };
		2FA8598321F4B6C500BBB3E1 /* Boggle.xcdatamodeld in Sources */ = {isa = PBXBuildFile; fileRef = 2FA8598121F4B6C500BBB3E1 /* Boggle.xcdatamodeld */; };
		2FA8598521F4B6C700BBB3E1 /* Assets.xcassets in Resources */ = {isa = PBXBuildFile; fileRef = 2FA8598421F4B6C700BBB3E1 /* Assets.xcassets */; };
		2FA8598821F4B6C700BBB3E1 /* LaunchScreen.storyboard in Resources */ = {isa = PBXBuildFile; fileRef = 2FA8598621F4B6C700BBB3E1 /* LaunchScreen.storyboard */; };
		2FA8599321F4B6C700BBB3E1 /* BoggleTests.swift in Sources */ = {isa = PBXBuildFile; fileRef = 2FA8599221F4B6C700BBB3E1 /* BoggleTests.swift */; };
		2FA8599E21F4BCC800BBB3E1 /* Constants.swift in Sources */ = {isa = PBXBuildFile; fileRef = 2FA8599D21F4BCC800BBB3E1 /* Constants.swift */; };
		2FA859A021F4FBA300BBB3E1 /* ColumnFlowLayout.swift in Sources */ = {isa = PBXBuildFile; fileRef = 2FA8599F21F4FBA300BBB3E1 /* ColumnFlowLayout.swift */; };
		2FA859A221F4FE6900BBB3E1 /* LetterTileViewCell.swift in Sources */ = {isa = PBXBuildFile; fileRef = 2FA859A121F4FE6900BBB3E1 /* LetterTileViewCell.swift */; };
		2FA859A421F50B7000BBB3E1 /* Tile.swift in Sources */ = {isa = PBXBuildFile; fileRef = 2FA859A321F50B7000BBB3E1 /* Tile.swift */; };
		2FA859A621F50C2300BBB3E1 /* Board.swift in Sources */ = {isa = PBXBuildFile; fileRef = 2FA859A521F50C2300BBB3E1 /* Board.swift */; };
		4732540AFBAC7B223D3F2327 /* Pods_Boggle.framework in Frameworks */ = {isa = PBXBuildFile; fileRef = D635F5D39B5F76431874D457 /* Pods_Boggle.framework */; };
		6DD18FD32745E8D8E29990FC /* Pods_BoggleTests.framework in Frameworks */ = {isa = PBXBuildFile; fileRef = F7A37927A5F70557EBC5778D /* Pods_BoggleTests.framework */; };
		BDACE4F622075E1900B50A3B /* SoundPlayer.swift in Sources */ = {isa = PBXBuildFile; fileRef = BDACE4F522075E1900B50A3B /* SoundPlayer.swift */; };
		BDACE4F722075E5900B50A3B /* SoundPlayer.swift in Sources */ = {isa = PBXBuildFile; fileRef = BDACE4F522075E1900B50A3B /* SoundPlayer.swift */; };
		BDACE4F92207608E00B50A3B /* bell.mp3 in Resources */ = {isa = PBXBuildFile; fileRef = BDACE4F82207608E00B50A3B /* bell.mp3 */; };
		BDACE4FA2207608E00B50A3B /* bell.mp3 in Resources */ = {isa = PBXBuildFile; fileRef = BDACE4F82207608E00B50A3B /* bell.mp3 */; };
/* End PBXBuildFile section */

/* Begin PBXContainerItemProxy section */
		2F9E386B21FE6AFB00906432 /* PBXContainerItemProxy */ = {
			isa = PBXContainerItemProxy;
			containerPortal = 2FA8596F21F4B6C500BBB3E1 /* Project object */;
			proxyType = 1;
			remoteGlobalIDString = 2F9E385621FE6AF400906432;
			remoteInfo = BoggleTV;
		};
		2FA8598F21F4B6C700BBB3E1 /* PBXContainerItemProxy */ = {
			isa = PBXContainerItemProxy;
			containerPortal = 2FA8596F21F4B6C500BBB3E1 /* Project object */;
			proxyType = 1;
			remoteGlobalIDString = 2FA8597621F4B6C500BBB3E1;
			remoteInfo = Boggle;
		};
/* End PBXContainerItemProxy section */

/* Begin PBXFileReference section */
		2F9E385721FE6AF400906432 /* BoggleTV.app */ = {isa = PBXFileReference; explicitFileType = wrapper.application; includeInIndex = 0; path = BoggleTV.app; sourceTree = BUILT_PRODUCTS_DIR; };
		2F9E385921FE6AF400906432 /* AppDelegate.swift */ = {isa = PBXFileReference; lastKnownFileType = sourcecode.swift; path = AppDelegate.swift; sourceTree = "<group>"; };
		2F9E385E21FE6AF400906432 /* BoggleTV.xcdatamodel */ = {isa = PBXFileReference; lastKnownFileType = wrapper.xcdatamodel; path = BoggleTV.xcdatamodel; sourceTree = "<group>"; };
		2F9E386121FE6AF400906432 /* Base */ = {isa = PBXFileReference; lastKnownFileType = file.storyboard; name = Base; path = Base.lproj/Main.storyboard; sourceTree = "<group>"; };
		2F9E386321FE6AFB00906432 /* Assets.xcassets */ = {isa = PBXFileReference; lastKnownFileType = folder.assetcatalog; path = Assets.xcassets; sourceTree = "<group>"; };
		2F9E386521FE6AFB00906432 /* Info.plist */ = {isa = PBXFileReference; lastKnownFileType = text.plist.xml; path = Info.plist; sourceTree = "<group>"; };
		2F9E386A21FE6AFB00906432 /* BoggleTVTests.xctest */ = {isa = PBXFileReference; explicitFileType = wrapper.cfbundle; includeInIndex = 0; path = BoggleTVTests.xctest; sourceTree = BUILT_PRODUCTS_DIR; };
		2F9E386E21FE6AFB00906432 /* BoggleTVTests.swift */ = {isa = PBXFileReference; lastKnownFileType = sourcecode.swift; path = BoggleTVTests.swift; sourceTree = "<group>"; };
		2F9E387021FE6AFB00906432 /* Info.plist */ = {isa = PBXFileReference; lastKnownFileType = text.plist.xml; path = Info.plist; sourceTree = "<group>"; };
		2FA8597721F4B6C500BBB3E1 /* Boggle.app */ = {isa = PBXFileReference; explicitFileType = wrapper.application; includeInIndex = 0; path = Boggle.app; sourceTree = BUILT_PRODUCTS_DIR; };
		2FA8597A21F4B6C500BBB3E1 /* AppDelegate.swift */ = {isa = PBXFileReference; lastKnownFileType = sourcecode.swift; path = AppDelegate.swift; sourceTree = "<group>"; };
		2FA8597C21F4B6C500BBB3E1 /* ViewController.swift */ = {isa = PBXFileReference; lastKnownFileType = sourcecode.swift; path = ViewController.swift; sourceTree = "<group>"; };
		2FA8597F21F4B6C500BBB3E1 /* Base */ = {isa = PBXFileReference; lastKnownFileType = file.storyboard; name = Base; path = Base.lproj/Main.storyboard; sourceTree = "<group>"; };
		2FA8598221F4B6C500BBB3E1 /* Boggle.xcdatamodel */ = {isa = PBXFileReference; lastKnownFileType = wrapper.xcdatamodel; path = Boggle.xcdatamodel; sourceTree = "<group>"; };
		2FA8598421F4B6C700BBB3E1 /* Assets.xcassets */ = {isa = PBXFileReference; lastKnownFileType = folder.assetcatalog; path = Assets.xcassets; sourceTree = "<group>"; };
		2FA8598721F4B6C700BBB3E1 /* Base */ = {isa = PBXFileReference; lastKnownFileType = file.storyboard; name = Base; path = Base.lproj/LaunchScreen.storyboard; sourceTree = "<group>"; };
		2FA8598921F4B6C700BBB3E1 /* Info.plist */ = {isa = PBXFileReference; lastKnownFileType = text.plist.xml; path = Info.plist; sourceTree = "<group>"; };
		2FA8598E21F4B6C700BBB3E1 /* BoggleTests.xctest */ = {isa = PBXFileReference; explicitFileType = wrapper.cfbundle; includeInIndex = 0; path = BoggleTests.xctest; sourceTree = BUILT_PRODUCTS_DIR; };
		2FA8599221F4B6C700BBB3E1 /* BoggleTests.swift */ = {isa = PBXFileReference; lastKnownFileType = sourcecode.swift; path = BoggleTests.swift; sourceTree = "<group>"; };
		2FA8599421F4B6C700BBB3E1 /* Info.plist */ = {isa = PBXFileReference; lastKnownFileType = text.plist.xml; path = Info.plist; sourceTree = "<group>"; };
		2FA8599D21F4BCC800BBB3E1 /* Constants.swift */ = {isa = PBXFileReference; lastKnownFileType = sourcecode.swift; path = Constants.swift; sourceTree = "<group>"; };
		2FA8599F21F4FBA300BBB3E1 /* ColumnFlowLayout.swift */ = {isa = PBXFileReference; lastKnownFileType = sourcecode.swift; path = ColumnFlowLayout.swift; sourceTree = "<group>"; };
		2FA859A121F4FE6900BBB3E1 /* LetterTileViewCell.swift */ = {isa = PBXFileReference; lastKnownFileType = sourcecode.swift; path = LetterTileViewCell.swift; sourceTree = "<group>"; };
		2FA859A321F50B7000BBB3E1 /* Tile.swift */ = {isa = PBXFileReference; lastKnownFileType = sourcecode.swift; path = Tile.swift; sourceTree = "<group>"; };
		2FA859A521F50C2300BBB3E1 /* Board.swift */ = {isa = PBXFileReference; lastKnownFileType = sourcecode.swift; path = Board.swift; sourceTree = "<group>"; };
		6DB67762651B10154252EB4A /* Pods-Boggle.release.xcconfig */ = {isa = PBXFileReference; includeInIndex = 1; lastKnownFileType = text.xcconfig; name = "Pods-Boggle.release.xcconfig"; path = "Pods/Target Support Files/Pods-Boggle/Pods-Boggle.release.xcconfig"; sourceTree = "<group>"; };
		B6241DA5EB320FDE488BBD68 /* Pods-Boggle.debug.xcconfig */ = {isa = PBXFileReference; includeInIndex = 1; lastKnownFileType = text.xcconfig; name = "Pods-Boggle.debug.xcconfig"; path = "Pods/Target Support Files/Pods-Boggle/Pods-Boggle.debug.xcconfig"; sourceTree = "<group>"; };
		BDACE4F522075E1900B50A3B /* SoundPlayer.swift */ = {isa = PBXFileReference; lastKnownFileType = sourcecode.swift; path = SoundPlayer.swift; sourceTree = "<group>"; };
		BDACE4F82207608E00B50A3B /* bell.mp3 */ = {isa = PBXFileReference; lastKnownFileType = audio.mp3; path = bell.mp3; sourceTree = "<group>"; };
		C192257DCABA942AF5A808F4 /* Pods-BoggleTests.debug.xcconfig */ = {isa = PBXFileReference; includeInIndex = 1; lastKnownFileType = text.xcconfig; name = "Pods-BoggleTests.debug.xcconfig"; path = "Pods/Target Support Files/Pods-BoggleTests/Pods-BoggleTests.debug.xcconfig"; sourceTree = "<group>"; };
		D635F5D39B5F76431874D457 /* Pods_Boggle.framework */ = {isa = PBXFileReference; explicitFileType = wrapper.framework; includeInIndex = 0; path = Pods_Boggle.framework; sourceTree = BUILT_PRODUCTS_DIR; };
		E33D83AD405F610A1177E3B2 /* Pods-BoggleTests.release.xcconfig */ = {isa = PBXFileReference; includeInIndex = 1; lastKnownFileType = text.xcconfig; name = "Pods-BoggleTests.release.xcconfig"; path = "Pods/Target Support Files/Pods-BoggleTests/Pods-BoggleTests.release.xcconfig"; sourceTree = "<group>"; };
		F7A37927A5F70557EBC5778D /* Pods_BoggleTests.framework */ = {isa = PBXFileReference; explicitFileType = wrapper.framework; includeInIndex = 0; path = Pods_BoggleTests.framework; sourceTree = BUILT_PRODUCTS_DIR; };
/* End PBXFileReference section */

/* Begin PBXFrameworksBuildPhase section */
		2F9E385421FE6AF400906432 /* Frameworks */ = {
			isa = PBXFrameworksBuildPhase;
			buildActionMask = 2147483647;
			files = (
			);
			runOnlyForDeploymentPostprocessing = 0;
		};
		2F9E386721FE6AFB00906432 /* Frameworks */ = {
			isa = PBXFrameworksBuildPhase;
			buildActionMask = 2147483647;
			files = (
			);
			runOnlyForDeploymentPostprocessing = 0;
		};
		2FA8597421F4B6C500BBB3E1 /* Frameworks */ = {
			isa = PBXFrameworksBuildPhase;
			buildActionMask = 2147483647;
			files = (
				4732540AFBAC7B223D3F2327 /* Pods_Boggle.framework in Frameworks */,
			);
			runOnlyForDeploymentPostprocessing = 0;
		};
		2FA8598B21F4B6C700BBB3E1 /* Frameworks */ = {
			isa = PBXFrameworksBuildPhase;
			buildActionMask = 2147483647;
			files = (
				6DD18FD32745E8D8E29990FC /* Pods_BoggleTests.framework in Frameworks */,
			);
			runOnlyForDeploymentPostprocessing = 0;
		};
/* End PBXFrameworksBuildPhase section */

/* Begin PBXGroup section */
		1EDF60FFD38904D68682F2EB /* Pods */ = {
			isa = PBXGroup;
			children = (
				B6241DA5EB320FDE488BBD68 /* Pods-Boggle.debug.xcconfig */,
				6DB67762651B10154252EB4A /* Pods-Boggle.release.xcconfig */,
				C192257DCABA942AF5A808F4 /* Pods-BoggleTests.debug.xcconfig */,
				E33D83AD405F610A1177E3B2 /* Pods-BoggleTests.release.xcconfig */,
			);
			name = Pods;
			sourceTree = "<group>";
		};
		2F9E385821FE6AF400906432 /* BoggleTV */ = {
			isa = PBXGroup;
			children = (
				2F9E385921FE6AF400906432 /* AppDelegate.swift */,
				2F9E386021FE6AF400906432 /* Main.storyboard */,
				2F9E386321FE6AFB00906432 /* Assets.xcassets */,
				2F9E386521FE6AFB00906432 /* Info.plist */,
				2F9E385D21FE6AF400906432 /* BoggleTV.xcdatamodeld */,
			);
			path = BoggleTV;
			sourceTree = "<group>";
		};
		2F9E386D21FE6AFB00906432 /* BoggleTVTests */ = {
			isa = PBXGroup;
			children = (
				2F9E386E21FE6AFB00906432 /* BoggleTVTests.swift */,
				2F9E387021FE6AFB00906432 /* Info.plist */,
			);
			path = BoggleTVTests;
			sourceTree = "<group>";
		};
		2F9E387821FE6F2A00906432 /* Shared */ = {
			isa = PBXGroup;
			children = (
				BDACE4F82207608E00B50A3B /* bell.mp3 */,
				2FA8597C21F4B6C500BBB3E1 /* ViewController.swift */,
				2FA8599D21F4BCC800BBB3E1 /* Constants.swift */,
				2FA8599F21F4FBA300BBB3E1 /* ColumnFlowLayout.swift */,
				2FA859A121F4FE6900BBB3E1 /* LetterTileViewCell.swift */,
				2FA859A321F50B7000BBB3E1 /* Tile.swift */,
				2FA859A521F50C2300BBB3E1 /* Board.swift */,
				BDACE4F522075E1900B50A3B /* SoundPlayer.swift */,
			);
			path = Shared;
			sourceTree = "<group>";
		};
		2FA8596E21F4B6C500BBB3E1 = {
			isa = PBXGroup;
			children = (
				2F9E387821FE6F2A00906432 /* Shared */,
				2FA8597921F4B6C500BBB3E1 /* Boggle */,
				2FA8599121F4B6C700BBB3E1 /* BoggleTests */,
				2F9E385821FE6AF400906432 /* BoggleTV */,
				2F9E386D21FE6AFB00906432 /* BoggleTVTests */,
				2FA8597821F4B6C500BBB3E1 /* Products */,
				1EDF60FFD38904D68682F2EB /* Pods */,
				738762E3CA2B8B3426607FC2 /* Frameworks */,
			);
			sourceTree = "<group>";
		};
		2FA8597821F4B6C500BBB3E1 /* Products */ = {
			isa = PBXGroup;
			children = (
				2FA8597721F4B6C500BBB3E1 /* Boggle.app */,
				2FA8598E21F4B6C700BBB3E1 /* BoggleTests.xctest */,
				2F9E385721FE6AF400906432 /* BoggleTV.app */,
				2F9E386A21FE6AFB00906432 /* BoggleTVTests.xctest */,
			);
			name = Products;
			sourceTree = "<group>";
		};
		2FA8597921F4B6C500BBB3E1 /* Boggle */ = {
			isa = PBXGroup;
			children = (
				2FA8597A21F4B6C500BBB3E1 /* AppDelegate.swift */,
				2FA8597E21F4B6C500BBB3E1 /* Main.storyboard */,
				2FA8598421F4B6C700BBB3E1 /* Assets.xcassets */,
				2FA8598621F4B6C700BBB3E1 /* LaunchScreen.storyboard */,
				2FA8598921F4B6C700BBB3E1 /* Info.plist */,
				2FA8598121F4B6C500BBB3E1 /* Boggle.xcdatamodeld */,
			);
			path = Boggle;
			sourceTree = "<group>";
		};
		2FA8599121F4B6C700BBB3E1 /* BoggleTests */ = {
			isa = PBXGroup;
			children = (
				2FA8599221F4B6C700BBB3E1 /* BoggleTests.swift */,
				2FA8599421F4B6C700BBB3E1 /* Info.plist */,
			);
			path = BoggleTests;
			sourceTree = "<group>";
		};
		738762E3CA2B8B3426607FC2 /* Frameworks */ = {
			isa = PBXGroup;
			children = (
				D635F5D39B5F76431874D457 /* Pods_Boggle.framework */,
				F7A37927A5F70557EBC5778D /* Pods_BoggleTests.framework */,
			);
			name = Frameworks;
			sourceTree = "<group>";
		};
/* End PBXGroup section */

/* Begin PBXNativeTarget section */
		2F9E385621FE6AF400906432 /* BoggleTV */ = {
			isa = PBXNativeTarget;
			buildConfigurationList = 2F9E387521FE6AFB00906432 /* Build configuration list for PBXNativeTarget "BoggleTV" */;
			buildPhases = (
				2F9E385321FE6AF400906432 /* Sources */,
				2F9E385421FE6AF400906432 /* Frameworks */,
				2F9E385521FE6AF400906432 /* Resources */,
			);
			buildRules = (
			);
			dependencies = (
			);
			name = BoggleTV;
			productName = BoggleTV;
			productReference = 2F9E385721FE6AF400906432 /* BoggleTV.app */;
			productType = "com.apple.product-type.application";
		};
		2F9E386921FE6AFB00906432 /* BoggleTVTests */ = {
			isa = PBXNativeTarget;
			buildConfigurationList = 2F9E387621FE6AFB00906432 /* Build configuration list for PBXNativeTarget "BoggleTVTests" */;
			buildPhases = (
				2F9E386621FE6AFB00906432 /* Sources */,
				2F9E386721FE6AFB00906432 /* Frameworks */,
				2F9E386821FE6AFB00906432 /* Resources */,
			);
			buildRules = (
			);
			dependencies = (
				2F9E386C21FE6AFB00906432 /* PBXTargetDependency */,
			);
			name = BoggleTVTests;
			productName = BoggleTVTests;
			productReference = 2F9E386A21FE6AFB00906432 /* BoggleTVTests.xctest */;
			productType = "com.apple.product-type.bundle.unit-test";
		};
		2FA8597621F4B6C500BBB3E1 /* Boggle */ = {
			isa = PBXNativeTarget;
			buildConfigurationList = 2FA8599721F4B6C700BBB3E1 /* Build configuration list for PBXNativeTarget "Boggle" */;
			buildPhases = (
				04BDCF9B8FD9F91E20FF20E6 /* [CP] Check Pods Manifest.lock */,
				2FA8597321F4B6C500BBB3E1 /* Sources */,
				2FA8597421F4B6C500BBB3E1 /* Frameworks */,
				2FA8597521F4B6C500BBB3E1 /* Resources */,
				80C7F5C6C5CA7AC3776C5C70 /* [CP] Embed Pods Frameworks */,
			);
			buildRules = (
			);
			dependencies = (
			);
			name = Boggle;
			productName = Boggle;
			productReference = 2FA8597721F4B6C500BBB3E1 /* Boggle.app */;
			productType = "com.apple.product-type.application";
		};
		2FA8598D21F4B6C700BBB3E1 /* BoggleTests */ = {
			isa = PBXNativeTarget;
			buildConfigurationList = 2FA8599A21F4B6C700BBB3E1 /* Build configuration list for PBXNativeTarget "BoggleTests" */;
			buildPhases = (
				1BCFA0559510A34D54378461 /* [CP] Check Pods Manifest.lock */,
				2FA8598A21F4B6C700BBB3E1 /* Sources */,
				2FA8598B21F4B6C700BBB3E1 /* Frameworks */,
				2FA8598C21F4B6C700BBB3E1 /* Resources */,
			);
			buildRules = (
			);
			dependencies = (
				2FA8599021F4B6C700BBB3E1 /* PBXTargetDependency */,
			);
			name = BoggleTests;
			productName = BoggleTests;
			productReference = 2FA8598E21F4B6C700BBB3E1 /* BoggleTests.xctest */;
			productType = "com.apple.product-type.bundle.unit-test";
		};
/* End PBXNativeTarget section */

/* Begin PBXProject section */
		2FA8596F21F4B6C500BBB3E1 /* Project object */ = {
			isa = PBXProject;
			attributes = {
				LastSwiftUpdateCheck = 1010;
				LastUpgradeCheck = 1010;
				ORGANIZATIONNAME = "Constantin Koehler";
				TargetAttributes = {
					2F9E385621FE6AF400906432 = {
						CreatedOnToolsVersion = 10.1;
					};
					2F9E386921FE6AFB00906432 = {
						CreatedOnToolsVersion = 10.1;
						TestTargetID = 2F9E385621FE6AF400906432;
					};
					2FA8597621F4B6C500BBB3E1 = {
						CreatedOnToolsVersion = 10.1;
					};
					2FA8598D21F4B6C700BBB3E1 = {
						CreatedOnToolsVersion = 10.1;
						TestTargetID = 2FA8597621F4B6C500BBB3E1;
					};
				};
			};
			buildConfigurationList = 2FA8597221F4B6C500BBB3E1 /* Build configuration list for PBXProject "Boggle" */;
			compatibilityVersion = "Xcode 9.3";
			developmentRegion = en;
			hasScannedForEncodings = 0;
			knownRegions = (
				en,
				Base,
			);
			mainGroup = 2FA8596E21F4B6C500BBB3E1;
			productRefGroup = 2FA8597821F4B6C500BBB3E1 /* Products */;
			projectDirPath = "";
			projectRoot = "";
			targets = (
				2FA8597621F4B6C500BBB3E1 /* Boggle */,
				2FA8598D21F4B6C700BBB3E1 /* BoggleTests */,
				2F9E385621FE6AF400906432 /* BoggleTV */,
				2F9E386921FE6AFB00906432 /* BoggleTVTests */,
			);
		};
/* End PBXProject section */

/* Begin PBXResourcesBuildPhase section */
		2F9E385521FE6AF400906432 /* Resources */ = {
			isa = PBXResourcesBuildPhase;
			buildActionMask = 2147483647;
			files = (
				2F9E386421FE6AFB00906432 /* Assets.xcassets in Resources */,
				2F9E386221FE6AF400906432 /* Main.storyboard in Resources */,
				BDACE4FA2207608E00B50A3B /* bell.mp3 in Resources */,
			);
			runOnlyForDeploymentPostprocessing = 0;
		};
		2F9E386821FE6AFB00906432 /* Resources */ = {
			isa = PBXResourcesBuildPhase;
			buildActionMask = 2147483647;
			files = (
			);
			runOnlyForDeploymentPostprocessing = 0;
		};
		2FA8597521F4B6C500BBB3E1 /* Resources */ = {
			isa = PBXResourcesBuildPhase;
			buildActionMask = 2147483647;
			files = (
				2FA8598821F4B6C700BBB3E1 /* LaunchScreen.storyboard in Resources */,
				BDACE4F92207608E00B50A3B /* bell.mp3 in Resources */,
				2FA8598521F4B6C700BBB3E1 /* Assets.xcassets in Resources */,
				2FA8598021F4B6C500BBB3E1 /* Main.storyboard in Resources */,
			);
			runOnlyForDeploymentPostprocessing = 0;
		};
		2FA8598C21F4B6C700BBB3E1 /* Resources */ = {
			isa = PBXResourcesBuildPhase;
			buildActionMask = 2147483647;
			files = (
			);
			runOnlyForDeploymentPostprocessing = 0;
		};
/* End PBXResourcesBuildPhase section */

/* Begin PBXShellScriptBuildPhase section */
		04BDCF9B8FD9F91E20FF20E6 /* [CP] Check Pods Manifest.lock */ = {
			isa = PBXShellScriptBuildPhase;
			buildActionMask = 2147483647;
			files = (
			);
			inputFileListPaths = (
			);
			inputPaths = (
				"${PODS_PODFILE_DIR_PATH}/Podfile.lock",
				"${PODS_ROOT}/Manifest.lock",
			);
			name = "[CP] Check Pods Manifest.lock";
			outputFileListPaths = (
			);
			outputPaths = (
				"$(DERIVED_FILE_DIR)/Pods-Boggle-checkManifestLockResult.txt",
			);
			runOnlyForDeploymentPostprocessing = 0;
			shellPath = /bin/sh;
			shellScript = "diff \"${PODS_PODFILE_DIR_PATH}/Podfile.lock\" \"${PODS_ROOT}/Manifest.lock\" > /dev/null\nif [ $? != 0 ] ; then\n    # print error to STDERR\n    echo \"error: The sandbox is not in sync with the Podfile.lock. Run 'pod install' or update your CocoaPods installation.\" >&2\n    exit 1\nfi\n# This output is used by Xcode 'outputs' to avoid re-running this script phase.\necho \"SUCCESS\" > \"${SCRIPT_OUTPUT_FILE_0}\"\n";
			showEnvVarsInLog = 0;
		};
		1BCFA0559510A34D54378461 /* [CP] Check Pods Manifest.lock */ = {
			isa = PBXShellScriptBuildPhase;
			buildActionMask = 2147483647;
			files = (
			);
			inputFileListPaths = (
			);
			inputPaths = (
				"${PODS_PODFILE_DIR_PATH}/Podfile.lock",
				"${PODS_ROOT}/Manifest.lock",
			);
			name = "[CP] Check Pods Manifest.lock";
			outputFileListPaths = (
			);
			outputPaths = (
				"$(DERIVED_FILE_DIR)/Pods-BoggleTests-checkManifestLockResult.txt",
			);
			runOnlyForDeploymentPostprocessing = 0;
			shellPath = /bin/sh;
			shellScript = "diff \"${PODS_PODFILE_DIR_PATH}/Podfile.lock\" \"${PODS_ROOT}/Manifest.lock\" > /dev/null\nif [ $? != 0 ] ; then\n    # print error to STDERR\n    echo \"error: The sandbox is not in sync with the Podfile.lock. Run 'pod install' or update your CocoaPods installation.\" >&2\n    exit 1\nfi\n# This output is used by Xcode 'outputs' to avoid re-running this script phase.\necho \"SUCCESS\" > \"${SCRIPT_OUTPUT_FILE_0}\"\n";
			showEnvVarsInLog = 0;
		};
		80C7F5C6C5CA7AC3776C5C70 /* [CP] Embed Pods Frameworks */ = {
			isa = PBXShellScriptBuildPhase;
			buildActionMask = 2147483647;
			files = (
			);
			inputFileListPaths = (
			);
			inputPaths = (
				"${SRCROOT}/Pods/Target Support Files/Pods-Boggle/Pods-Boggle-frameworks.sh",
				"${BUILT_PRODUCTS_DIR}/Differentiator/Differentiator.framework",
				"${BUILT_PRODUCTS_DIR}/MDFInternationalization/MDFInternationalization.framework",
				"${BUILT_PRODUCTS_DIR}/MDFTextAccessibility/MDFTextAccessibility.framework",
				"${BUILT_PRODUCTS_DIR}/MaterialComponents/MaterialComponents.framework",
				"${BUILT_PRODUCTS_DIR}/RxAtomic/RxAtomic.framework",
				"${BUILT_PRODUCTS_DIR}/RxCocoa/RxCocoa.framework",
				"${BUILT_PRODUCTS_DIR}/RxDataSources/RxDataSources.framework",
				"${BUILT_PRODUCTS_DIR}/RxSwift/RxSwift.framework",
			);
			name = "[CP] Embed Pods Frameworks";
			outputFileListPaths = (
			);
			outputPaths = (
				"${TARGET_BUILD_DIR}/${FRAMEWORKS_FOLDER_PATH}/Differentiator.framework",
				"${TARGET_BUILD_DIR}/${FRAMEWORKS_FOLDER_PATH}/MDFInternationalization.framework",
				"${TARGET_BUILD_DIR}/${FRAMEWORKS_FOLDER_PATH}/MDFTextAccessibility.framework",
				"${TARGET_BUILD_DIR}/${FRAMEWORKS_FOLDER_PATH}/MaterialComponents.framework",
				"${TARGET_BUILD_DIR}/${FRAMEWORKS_FOLDER_PATH}/RxAtomic.framework",
				"${TARGET_BUILD_DIR}/${FRAMEWORKS_FOLDER_PATH}/RxCocoa.framework",
				"${TARGET_BUILD_DIR}/${FRAMEWORKS_FOLDER_PATH}/RxDataSources.framework",
				"${TARGET_BUILD_DIR}/${FRAMEWORKS_FOLDER_PATH}/RxSwift.framework",
			);
			runOnlyForDeploymentPostprocessing = 0;
			shellPath = /bin/sh;
			shellScript = "\"${SRCROOT}/Pods/Target Support Files/Pods-Boggle/Pods-Boggle-frameworks.sh\"\n";
			showEnvVarsInLog = 0;
		};
/* End PBXShellScriptBuildPhase section */

/* Begin PBXSourcesBuildPhase section */
		2F9E385321FE6AF400906432 /* Sources */ = {
			isa = PBXSourcesBuildPhase;
			buildActionMask = 2147483647;
			files = (
				2F9E385F21FE6AF400906432 /* BoggleTV.xcdatamodeld in Sources */,
				2F9E387721FE6F1700906432 /* ViewController.swift in Sources */,
				2F9E387B21FE6F8300906432 /* LetterTileViewCell.swift in Sources */,
				2F9E387C21FE6F8600906432 /* Tile.swift in Sources */,
				BDACE4F722075E5900B50A3B /* SoundPlayer.swift in Sources */,
				2F9E387A21FE6F8000906432 /* ColumnFlowLayout.swift in Sources */,
				2F9E385A21FE6AF400906432 /* AppDelegate.swift in Sources */,
				2F9E387D21FE6F8800906432 /* Board.swift in Sources */,
				2F9E387921FE6F7C00906432 /* Constants.swift in Sources */,
			);
			runOnlyForDeploymentPostprocessing = 0;
		};
		2F9E386621FE6AFB00906432 /* Sources */ = {
			isa = PBXSourcesBuildPhase;
			buildActionMask = 2147483647;
			files = (
				2F9E386F21FE6AFB00906432 /* BoggleTVTests.swift in Sources */,
			);
			runOnlyForDeploymentPostprocessing = 0;
		};
		2FA8597321F4B6C500BBB3E1 /* Sources */ = {
			isa = PBXSourcesBuildPhase;
			buildActionMask = 2147483647;
			files = (
				2FA8597D21F4B6C500BBB3E1 /* ViewController.swift in Sources */,
				2FA8597B21F4B6C500BBB3E1 /* AppDelegate.swift in Sources */,
				2FA859A221F4FE6900BBB3E1 /* LetterTileViewCell.swift in Sources */,
				2FA859A421F50B7000BBB3E1 /* Tile.swift in Sources */,
				BDACE4F622075E1900B50A3B /* SoundPlayer.swift in Sources */,
				2FA859A021F4FBA300BBB3E1 /* ColumnFlowLayout.swift in Sources */,
				2FA8598321F4B6C500BBB3E1 /* Boggle.xcdatamodeld in Sources */,
				2FA859A621F50C2300BBB3E1 /* Board.swift in Sources */,
				2FA8599E21F4BCC800BBB3E1 /* Constants.swift in Sources */,
			);
			runOnlyForDeploymentPostprocessing = 0;
		};
		2FA8598A21F4B6C700BBB3E1 /* Sources */ = {
			isa = PBXSourcesBuildPhase;
			buildActionMask = 2147483647;
			files = (
				2FA8599321F4B6C700BBB3E1 /* BoggleTests.swift in Sources */,
			);
			runOnlyForDeploymentPostprocessing = 0;
		};
/* End PBXSourcesBuildPhase section */

/* Begin PBXTargetDependency section */
		2F9E386C21FE6AFB00906432 /* PBXTargetDependency */ = {
			isa = PBXTargetDependency;
			target = 2F9E385621FE6AF400906432 /* BoggleTV */;
			targetProxy = 2F9E386B21FE6AFB00906432 /* PBXContainerItemProxy */;
		};
		2FA8599021F4B6C700BBB3E1 /* PBXTargetDependency */ = {
			isa = PBXTargetDependency;
			target = 2FA8597621F4B6C500BBB3E1 /* Boggle */;
			targetProxy = 2FA8598F21F4B6C700BBB3E1 /* PBXContainerItemProxy */;
		};
/* End PBXTargetDependency section */

/* Begin PBXVariantGroup section */
		2F9E386021FE6AF400906432 /* Main.storyboard */ = {
			isa = PBXVariantGroup;
			children = (
				2F9E386121FE6AF400906432 /* Base */,
			);
			name = Main.storyboard;
			sourceTree = "<group>";
		};
		2FA8597E21F4B6C500BBB3E1 /* Main.storyboard */ = {
			isa = PBXVariantGroup;
			children = (
				2FA8597F21F4B6C500BBB3E1 /* Base */,
			);
			name = Main.storyboard;
			sourceTree = "<group>";
		};
		2FA8598621F4B6C700BBB3E1 /* LaunchScreen.storyboard */ = {
			isa = PBXVariantGroup;
			children = (
				2FA8598721F4B6C700BBB3E1 /* Base */,
			);
			name = LaunchScreen.storyboard;
			sourceTree = "<group>";
		};
/* End PBXVariantGroup section */

/* Begin XCBuildConfiguration section */
		2F9E387121FE6AFB00906432 /* Debug */ = {
			isa = XCBuildConfiguration;
			buildSettings = {
				ASSETCATALOG_COMPILER_APPICON_NAME = "App Icon & Top Shelf Image";
				ASSETCATALOG_COMPILER_LAUNCHIMAGE_NAME = LaunchImage;
				CODE_SIGN_STYLE = Automatic;
				DEVELOPMENT_TEAM = 22JZ3956U5;
				INFOPLIST_FILE = BoggleTV/Info.plist;
				LD_RUNPATH_SEARCH_PATHS = (
					"$(inherited)",
					"@executable_path/Frameworks",
				);
				PRODUCT_BUNDLE_IDENTIFIER = constantin.koehler.BoggleTV;
				PRODUCT_NAME = "$(TARGET_NAME)";
				SDKROOT = appletvos;
				SWIFT_VERSION = 4.2;
				TARGETED_DEVICE_FAMILY = 3;
				TVOS_DEPLOYMENT_TARGET = 12.1;
			};
			name = Debug;
		};
		2F9E387221FE6AFB00906432 /* Release */ = {
			isa = XCBuildConfiguration;
			buildSettings = {
				ASSETCATALOG_COMPILER_APPICON_NAME = "App Icon & Top Shelf Image";
				ASSETCATALOG_COMPILER_LAUNCHIMAGE_NAME = LaunchImage;
				CODE_SIGN_STYLE = Automatic;
				DEVELOPMENT_TEAM = 22JZ3956U5;
				INFOPLIST_FILE = BoggleTV/Info.plist;
				LD_RUNPATH_SEARCH_PATHS = (
					"$(inherited)",
					"@executable_path/Frameworks",
				);
				PRODUCT_BUNDLE_IDENTIFIER = constantin.koehler.BoggleTV;
				PRODUCT_NAME = "$(TARGET_NAME)";
				SDKROOT = appletvos;
				SWIFT_VERSION = 4.2;
				TARGETED_DEVICE_FAMILY = 3;
				TVOS_DEPLOYMENT_TARGET = 12.1;
			};
			name = Release;
		};
		2F9E387321FE6AFB00906432 /* Debug */ = {
			isa = XCBuildConfiguration;
			buildSettings = {
				ALWAYS_EMBED_SWIFT_STANDARD_LIBRARIES = YES;
				BUNDLE_LOADER = "$(TEST_HOST)";
				CODE_SIGN_STYLE = Automatic;
				DEVELOPMENT_TEAM = 22JZ3956U5;
				INFOPLIST_FILE = BoggleTVTests/Info.plist;
				LD_RUNPATH_SEARCH_PATHS = (
					"$(inherited)",
					"@executable_path/Frameworks",
					"@loader_path/Frameworks",
				);
				PRODUCT_BUNDLE_IDENTIFIER = constantin.koehler.BoggleTVTests;
				PRODUCT_NAME = "$(TARGET_NAME)";
				SDKROOT = appletvos;
				SWIFT_VERSION = 4.2;
				TARGETED_DEVICE_FAMILY = 3;
				TEST_HOST = "$(BUILT_PRODUCTS_DIR)/BoggleTV.app/BoggleTV";
				TVOS_DEPLOYMENT_TARGET = 12.1;
			};
			name = Debug;
		};
		2F9E387421FE6AFB00906432 /* Release */ = {
			isa = XCBuildConfiguration;
			buildSettings = {
				ALWAYS_EMBED_SWIFT_STANDARD_LIBRARIES = YES;
				BUNDLE_LOADER = "$(TEST_HOST)";
				CODE_SIGN_STYLE = Automatic;
				DEVELOPMENT_TEAM = 22JZ3956U5;
				INFOPLIST_FILE = BoggleTVTests/Info.plist;
				LD_RUNPATH_SEARCH_PATHS = (
					"$(inherited)",
					"@executable_path/Frameworks",
					"@loader_path/Frameworks",
				);
				PRODUCT_BUNDLE_IDENTIFIER = constantin.koehler.BoggleTVTests;
				PRODUCT_NAME = "$(TARGET_NAME)";
				SDKROOT = appletvos;
				SWIFT_VERSION = 4.2;
				TARGETED_DEVICE_FAMILY = 3;
				TEST_HOST = "$(BUILT_PRODUCTS_DIR)/BoggleTV.app/BoggleTV";
				TVOS_DEPLOYMENT_TARGET = 12.1;
			};
			name = Release;
		};
		2FA8599521F4B6C700BBB3E1 /* Debug */ = {
			isa = XCBuildConfiguration;
			buildSettings = {
				ALWAYS_SEARCH_USER_PATHS = NO;
				CLANG_ANALYZER_NONNULL = YES;
				CLANG_ANALYZER_NUMBER_OBJECT_CONVERSION = YES_AGGRESSIVE;
				CLANG_CXX_LANGUAGE_STANDARD = "gnu++14";
				CLANG_CXX_LIBRARY = "libc++";
				CLANG_ENABLE_MODULES = YES;
				CLANG_ENABLE_OBJC_ARC = YES;
				CLANG_ENABLE_OBJC_WEAK = YES;
				CLANG_WARN_BLOCK_CAPTURE_AUTORELEASING = YES;
				CLANG_WARN_BOOL_CONVERSION = YES;
				CLANG_WARN_COMMA = YES;
				CLANG_WARN_CONSTANT_CONVERSION = YES;
				CLANG_WARN_DEPRECATED_OBJC_IMPLEMENTATIONS = YES;
				CLANG_WARN_DIRECT_OBJC_ISA_USAGE = YES_ERROR;
				CLANG_WARN_DOCUMENTATION_COMMENTS = YES;
				CLANG_WARN_EMPTY_BODY = YES;
				CLANG_WARN_ENUM_CONVERSION = YES;
				CLANG_WARN_INFINITE_RECURSION = YES;
				CLANG_WARN_INT_CONVERSION = YES;
				CLANG_WARN_NON_LITERAL_NULL_CONVERSION = YES;
				CLANG_WARN_OBJC_IMPLICIT_RETAIN_SELF = YES;
				CLANG_WARN_OBJC_LITERAL_CONVERSION = YES;
				CLANG_WARN_OBJC_ROOT_CLASS = YES_ERROR;
				CLANG_WARN_RANGE_LOOP_ANALYSIS = YES;
				CLANG_WARN_STRICT_PROTOTYPES = YES;
				CLANG_WARN_SUSPICIOUS_MOVE = YES;
				CLANG_WARN_UNGUARDED_AVAILABILITY = YES_AGGRESSIVE;
				CLANG_WARN_UNREACHABLE_CODE = YES;
				CLANG_WARN__DUPLICATE_METHOD_MATCH = YES;
				CODE_SIGN_IDENTITY = "iPhone Developer";
				COPY_PHASE_STRIP = NO;
				DEBUG_INFORMATION_FORMAT = dwarf;
				ENABLE_STRICT_OBJC_MSGSEND = YES;
				ENABLE_TESTABILITY = YES;
				GCC_C_LANGUAGE_STANDARD = gnu11;
				GCC_DYNAMIC_NO_PIC = NO;
				GCC_NO_COMMON_BLOCKS = YES;
				GCC_OPTIMIZATION_LEVEL = 0;
				GCC_PREPROCESSOR_DEFINITIONS = (
					"DEBUG=1",
					"$(inherited)",
				);
				GCC_WARN_64_TO_32_BIT_CONVERSION = YES;
				GCC_WARN_ABOUT_RETURN_TYPE = YES_ERROR;
				GCC_WARN_UNDECLARED_SELECTOR = YES;
				GCC_WARN_UNINITIALIZED_AUTOS = YES_AGGRESSIVE;
				GCC_WARN_UNUSED_FUNCTION = YES;
				GCC_WARN_UNUSED_VARIABLE = YES;
				IPHONEOS_DEPLOYMENT_TARGET = 12.1;
				MTL_ENABLE_DEBUG_INFO = INCLUDE_SOURCE;
				MTL_FAST_MATH = YES;
				ONLY_ACTIVE_ARCH = YES;
				SDKROOT = iphoneos;
				SWIFT_ACTIVE_COMPILATION_CONDITIONS = DEBUG;
				SWIFT_OPTIMIZATION_LEVEL = "-Onone";
			};
			name = Debug;
		};
		2FA8599621F4B6C700BBB3E1 /* Release */ = {
			isa = XCBuildConfiguration;
			buildSettings = {
				ALWAYS_SEARCH_USER_PATHS = NO;
				CLANG_ANALYZER_NONNULL = YES;
				CLANG_ANALYZER_NUMBER_OBJECT_CONVERSION = YES_AGGRESSIVE;
				CLANG_CXX_LANGUAGE_STANDARD = "gnu++14";
				CLANG_CXX_LIBRARY = "libc++";
				CLANG_ENABLE_MODULES = YES;
				CLANG_ENABLE_OBJC_ARC = YES;
				CLANG_ENABLE_OBJC_WEAK = YES;
				CLANG_WARN_BLOCK_CAPTURE_AUTORELEASING = YES;
				CLANG_WARN_BOOL_CONVERSION = YES;
				CLANG_WARN_COMMA = YES;
				CLANG_WARN_CONSTANT_CONVERSION = YES;
				CLANG_WARN_DEPRECATED_OBJC_IMPLEMENTATIONS = YES;
				CLANG_WARN_DIRECT_OBJC_ISA_USAGE = YES_ERROR;
				CLANG_WARN_DOCUMENTATION_COMMENTS = YES;
				CLANG_WARN_EMPTY_BODY = YES;
				CLANG_WARN_ENUM_CONVERSION = YES;
				CLANG_WARN_INFINITE_RECURSION = YES;
				CLANG_WARN_INT_CONVERSION = YES;
				CLANG_WARN_NON_LITERAL_NULL_CONVERSION = YES;
				CLANG_WARN_OBJC_IMPLICIT_RETAIN_SELF = YES;
				CLANG_WARN_OBJC_LITERAL_CONVERSION = YES;
				CLANG_WARN_OBJC_ROOT_CLASS = YES_ERROR;
				CLANG_WARN_RANGE_LOOP_ANALYSIS = YES;
				CLANG_WARN_STRICT_PROTOTYPES = YES;
				CLANG_WARN_SUSPICIOUS_MOVE = YES;
				CLANG_WARN_UNGUARDED_AVAILABILITY = YES_AGGRESSIVE;
				CLANG_WARN_UNREACHABLE_CODE = YES;
				CLANG_WARN__DUPLICATE_METHOD_MATCH = YES;
				CODE_SIGN_IDENTITY = "iPhone Developer";
				COPY_PHASE_STRIP = NO;
				DEBUG_INFORMATION_FORMAT = "dwarf-with-dsym";
				ENABLE_NS_ASSERTIONS = NO;
				ENABLE_STRICT_OBJC_MSGSEND = YES;
				GCC_C_LANGUAGE_STANDARD = gnu11;
				GCC_NO_COMMON_BLOCKS = YES;
				GCC_WARN_64_TO_32_BIT_CONVERSION = YES;
				GCC_WARN_ABOUT_RETURN_TYPE = YES_ERROR;
				GCC_WARN_UNDECLARED_SELECTOR = YES;
				GCC_WARN_UNINITIALIZED_AUTOS = YES_AGGRESSIVE;
				GCC_WARN_UNUSED_FUNCTION = YES;
				GCC_WARN_UNUSED_VARIABLE = YES;
				IPHONEOS_DEPLOYMENT_TARGET = 12.1;
				MTL_ENABLE_DEBUG_INFO = NO;
				MTL_FAST_MATH = YES;
				SDKROOT = iphoneos;
				SWIFT_COMPILATION_MODE = wholemodule;
				SWIFT_OPTIMIZATION_LEVEL = "-O";
				VALIDATE_PRODUCT = YES;
			};
			name = Release;
		};
		2FA8599821F4B6C700BBB3E1 /* Debug */ = {
			isa = XCBuildConfiguration;
			baseConfigurationReference = B6241DA5EB320FDE488BBD68 /* Pods-Boggle.debug.xcconfig */;
			buildSettings = {
				ASSETCATALOG_COMPILER_APPICON_NAME = AppIcon;
				CODE_SIGN_STYLE = Automatic;
				DEVELOPMENT_TEAM = 22JZ3956U5;
				INFOPLIST_FILE = Boggle/Info.plist;
				LD_RUNPATH_SEARCH_PATHS = (
					"$(inherited)",
					"@executable_path/Frameworks",
				);
				PRODUCT_BUNDLE_IDENTIFIER = constantin.koehler.Boggle;
				PRODUCT_NAME = "$(TARGET_NAME)";
				SWIFT_VERSION = 4.2;
				TARGETED_DEVICE_FAMILY = "1,2";
			};
			name = Debug;
		};
		2FA8599921F4B6C700BBB3E1 /* Release */ = {
			isa = XCBuildConfiguration;
			baseConfigurationReference = 6DB67762651B10154252EB4A /* Pods-Boggle.release.xcconfig */;
			buildSettings = {
				ASSETCATALOG_COMPILER_APPICON_NAME = AppIcon;
				CODE_SIGN_STYLE = Automatic;
				DEVELOPMENT_TEAM = 22JZ3956U5;
				INFOPLIST_FILE = Boggle/Info.plist;
				LD_RUNPATH_SEARCH_PATHS = (
					"$(inherited)",
					"@executable_path/Frameworks",
				);
				PRODUCT_BUNDLE_IDENTIFIER = constantin.koehler.Boggle;
				PRODUCT_NAME = "$(TARGET_NAME)";
				SWIFT_VERSION = 4.2;
				TARGETED_DEVICE_FAMILY = "1,2";
			};
			name = Release;
		};
		2FA8599B21F4B6C700BBB3E1 /* Debug */ = {
			isa = XCBuildConfiguration;
			baseConfigurationReference = C192257DCABA942AF5A808F4 /* Pods-BoggleTests.debug.xcconfig */;
			buildSettings = {
				ALWAYS_EMBED_SWIFT_STANDARD_LIBRARIES = YES;
				BUNDLE_LOADER = "$(TEST_HOST)";
				CODE_SIGN_STYLE = Automatic;
				DEVELOPMENT_TEAM = 22JZ3956U5;
				INFOPLIST_FILE = BoggleTests/Info.plist;
				LD_RUNPATH_SEARCH_PATHS = (
					"$(inherited)",
					"@executable_path/Frameworks",
					"@loader_path/Frameworks",
				);
				PRODUCT_BUNDLE_IDENTIFIER = constantin.koehler.BoggleTests;
				PRODUCT_NAME = "$(TARGET_NAME)";
				SWIFT_VERSION = 4.2;
				TARGETED_DEVICE_FAMILY = "1,2";
				TEST_HOST = "$(BUILT_PRODUCTS_DIR)/Boggle.app/Boggle";
			};
			name = Debug;
		};
		2FA8599C21F4B6C700BBB3E1 /* Release */ = {
			isa = XCBuildConfiguration;
			baseConfigurationReference = E33D83AD405F610A1177E3B2 /* Pods-BoggleTests.release.xcconfig */;
			buildSettings = {
				ALWAYS_EMBED_SWIFT_STANDARD_LIBRARIES = YES;
				BUNDLE_LOADER = "$(TEST_HOST)";
				CODE_SIGN_STYLE = Automatic;
				DEVELOPMENT_TEAM = 22JZ3956U5;
				INFOPLIST_FILE = BoggleTests/Info.plist;
				LD_RUNPATH_SEARCH_PATHS = (
					"$(inherited)",
					"@executable_path/Frameworks",
					"@loader_path/Frameworks",
				);
				PRODUCT_BUNDLE_IDENTIFIER = constantin.koehler.BoggleTests;
				PRODUCT_NAME = "$(TARGET_NAME)";
				SWIFT_VERSION = 4.2;
				TARGETED_DEVICE_FAMILY = "1,2";
				TEST_HOST = "$(BUILT_PRODUCTS_DIR)/Boggle.app/Boggle";
			};
			name = Release;
		};
/* End XCBuildConfiguration section */

/* Begin XCConfigurationList section */
		2F9E387521FE6AFB00906432 /* Build configuration list for PBXNativeTarget "BoggleTV" */ = {
			isa = XCConfigurationList;
			buildConfigurations = (
				2F9E387121FE6AFB00906432 /* Debug */,
				2F9E387221FE6AFB00906432 /* Release */,
			);
			defaultConfigurationIsVisible = 0;
			defaultConfigurationName = Release;
		};
		2F9E387621FE6AFB00906432 /* Build configuration list for PBXNativeTarget "BoggleTVTests" */ = {
			isa = XCConfigurationList;
			buildConfigurations = (
				2F9E387321FE6AFB00906432 /* Debug */,
				2F9E387421FE6AFB00906432 /* Release */,
			);
			defaultConfigurationIsVisible = 0;
			defaultConfigurationName = Release;
		};
		2FA8597221F4B6C500BBB3E1 /* Build configuration list for PBXProject "Boggle" */ = {
			isa = XCConfigurationList;
			buildConfigurations = (
				2FA8599521F4B6C700BBB3E1 /* Debug */,
				2FA8599621F4B6C700BBB3E1 /* Release */,
			);
			defaultConfigurationIsVisible = 0;
			defaultConfigurationName = Release;
		};
		2FA8599721F4B6C700BBB3E1 /* Build configuration list for PBXNativeTarget "Boggle" */ = {
			isa = XCConfigurationList;
			buildConfigurations = (
				2FA8599821F4B6C700BBB3E1 /* Debug */,
				2FA8599921F4B6C700BBB3E1 /* Release */,
			);
			defaultConfigurationIsVisible = 0;
			defaultConfigurationName = Release;
		};
		2FA8599A21F4B6C700BBB3E1 /* Build configuration list for PBXNativeTarget "BoggleTests" */ = {
			isa = XCConfigurationList;
			buildConfigurations = (
				2FA8599B21F4B6C700BBB3E1 /* Debug */,
				2FA8599C21F4B6C700BBB3E1 /* Release */,
			);
			defaultConfigurationIsVisible = 0;
			defaultConfigurationName = Release;
		};
/* End XCConfigurationList section */

/* Begin XCVersionGroup section */
		2F9E385D21FE6AF400906432 /* BoggleTV.xcdatamodeld */ = {
			isa = XCVersionGroup;
			children = (
				2F9E385E21FE6AF400906432 /* BoggleTV.xcdatamodel */,
			);
			currentVersion = 2F9E385E21FE6AF400906432 /* BoggleTV.xcdatamodel */;
			path = BoggleTV.xcdatamodeld;
			sourceTree = "<group>";
			versionGroupType = wrapper.xcdatamodel;
		};
		2FA8598121F4B6C500BBB3E1 /* Boggle.xcdatamodeld */ = {
			isa = XCVersionGroup;
			children = (
				2FA8598221F4B6C500BBB3E1 /* Boggle.xcdatamodel */,
			);
			currentVersion = 2FA8598221F4B6C500BBB3E1 /* Boggle.xcdatamodel */;
			path = Boggle.xcdatamodeld;
			sourceTree = "<group>";
			versionGroupType = wrapper.xcdatamodel;
		};
/* End XCVersionGroup section */
	};
	rootObject = 2FA8596F21F4B6C500BBB3E1 /* Project object */;
}
